
Microsoft Visual Studio Solution File, Format Version 12.00
# Visual Studio Version 16
VisualStudioVersion = 16.0.31402.337
MinimumVisualStudioVersion = 10.0.40219.1
Project("{9A19103F-16F7-4668-BE54-9A1E7A4F7556}") = "worker", "worker\worker.csproj", "{6C9D3DDA-2C64-483A-A74E-A0BB17316501}"
EndProject
Project("{9A19103F-16F7-4668-BE54-9A1E7A4F7556}") = "server", "server\server.csproj", "{5EEDDC56-9287-4516-A249-ECDEAC370072}"
EndProject
Project("{E53339B2-1760-4266-BCC7-CA923CBCF16C}") = "docker-compose", "docker-compose.dcproj", "{A300D467-DB23-4FE0-A603-D6BB73FC6793}"
EndProject
Global
	GlobalSection(SolutionConfigurationPlatforms) = preSolution
		Debug|Any CPU = Debug|Any CPU
		Release|Any CPU = Release|Any CPU
	EndGlobalSection
	GlobalSection(ProjectConfigurationPlatforms) = postSolution
		{6C9D3DDA-2C64-483A-A74E-A0BB17316501}.Debug|Any CPU.ActiveCfg = Debug|Any CPU
		{6C9D3DDA-2C64-483A-A74E-A0BB17316501}.Debug|Any CPU.Build.0 = Debug|Any CPU
		{6C9D3DDA-2C64-483A-A74E-A0BB17316501}.Release|Any CPU.ActiveCfg = Release|Any CPU
		{6C9D3DDA-2C64-483A-A74E-A0BB17316501}.Release|Any CPU.Build.0 = Release|Any CPU
		{5EEDDC56-9287-4516-A249-ECDEAC370072}.Debug|Any CPU.ActiveCfg = Debug|Any CPU
		{5EEDDC56-9287-4516-A249-ECDEAC370072}.Debug|Any CPU.Build.0 = Debug|Any CPU
		{5EEDDC56-9287-4516-A249-ECDEAC370072}.Release|Any CPU.ActiveCfg = Release|Any CPU
		{5EEDDC56-9287-4516-A249-ECDEAC370072}.Release|Any CPU.Build.0 = Release|Any CPU
		{A300D467-DB23-4FE0-A603-D6BB73FC6793}.Debug|Any CPU.ActiveCfg = Debug|Any CPU
		{A300D467-DB23-4FE0-A603-D6BB73FC6793}.Debug|Any CPU.Build.0 = Debug|Any CPU
		{A300D467-DB23-4FE0-A603-D6BB73FC6793}.Release|Any CPU.ActiveCfg = Release|Any CPU
		{A300D467-DB23-4FE0-A603-D6BB73FC6793}.Release|Any CPU.Build.0 = Release|Any CPU
	EndGlobalSection
	GlobalSection(SolutionProperties) = preSolution
		HideSolutionNode = FALSE
	EndGlobalSection
	GlobalSection(ExtensibilityGlobals) = postSolution
		SolutionGuid = {901ACD15-5E1C-4FA7-9E70-47CA44716DB0}
	EndGlobalSection
EndGlobal
